# This file is automatically @generated by Cargo.
# It is not intended for manual editing.
[[package]]
name = "bytemuck"
version = "1.7.0"
source = "registry+https://github.com/rust-lang/crates.io-index"
checksum = "9966d2ab714d0f785dbac0a0396251a35280aeb42413281617d0209ab4898435"

[[package]]
name = "oklab"
version = "1.0.0"
source = "registry+https://github.com/rust-lang/crates.io-index"
checksum = "467e40ada50d13bab19019e3707862b5076ca15841f31ee1474c40397c1b9f11"
dependencies = [
 "rgb",
]

[[package]]
name = "opposite_color"
version = "0.1.0"
dependencies = [
 "oklab",
]

[[package]]
name = "rgb"
version = "0.8.27"
source = "registry+https://github.com/rust-lang/crates.io-index"
checksum = "8fddb3b23626145d1776addfc307e1a1851f60ef6ca64f376bcb889697144cf0"
dependencies = [
 "bytemuck",
]
